
Microsoft Visual Studio Solution File, Format Version 12.00
# Visual Studio Version 17
VisualStudioVersion = 17.3.32929.385
MinimumVisualStudioVersion = 10.0.40219.1
Project("{FAE04EC0-301F-11D3-BF4B-00C04F79EFBC}") = "AddressBook2", "AddressBook2.csproj", "{BB8EB144-57F9-44B0-A838-1492501EFB60}"
EndProject
Global
	GlobalSection(SolutionConfigurationPlatforms) = preSolution
		Debug|Any CPU = Debug|Any CPU
		Release|Any CPU = Release|Any CPU
	EndGlobalSection
	GlobalSection(ProjectConfigurationPlatforms) = postSolution
		{BB8EB144-57F9-44B0-A838-1492501EFB60}.Debug|Any CPU.ActiveCfg = Debug|Any CPU
		{BB8EB144-57F9-44B0-A838-1492501EFB60}.Debug|Any CPU.Build.0 = Debug|Any CPU
		{BB8EB144-57F9-44B0-A838-1492501EFB60}.Release|Any CPU.ActiveCfg = Release|Any CPU
		{BB8EB144-57F9-44B0-A838-1492501EFB60}.Release|Any CPU.Build.0 = Release|Any CPU
	EndGlobalSection
	GlobalSection(SolutionProperties) = preSolution
		HideSolutionNode = FALSE
	EndGlobalSection
	GlobalSection(ExtensibilityGlobals) = postSolution
		SolutionGuid = {8314F86F-4A1C-4190-80B0-139F354F04C8}
	EndGlobalSection
EndGlobal
